
Microsoft Visual Studio Solution File, Format Version 12.00
# Visual Studio Version 17
VisualStudioVersion = 17.1.32319.34
MinimumVisualStudioVersion = 10.0.40219.1
Project("{FAE04EC0-301F-11D3-BF4B-00C04F79EFBC}") = "I02 Consultaste el índice", "I02 Consultaste el índice\I02 Consultaste el índice.csproj", "{F3CFE98D-9B89-4F48-9BF9-80610BC66A0D}"
EndProject
Project("{FAE04EC0-301F-11D3-BF4B-00C04F79EFBC}") = "Entidades", "Entidades\Entidades.csproj", "{0A00B30D-775B-492D-B1B8-0F47B1115108}"
EndProject
Global
	GlobalSection(SolutionConfigurationPlatforms) = preSolution
		Debug|Any CPU = Debug|Any CPU
		Release|Any CPU = Release|Any CPU
	EndGlobalSection
	GlobalSection(ProjectConfigurationPlatforms) = postSolution
		{F3CFE98D-9B89-4F48-9BF9-80610BC66A0D}.Debug|Any CPU.ActiveCfg = Debug|Any CPU
		{F3CFE98D-9B89-4F48-9BF9-80610BC66A0D}.Debug|Any CPU.Build.0 = Debug|Any CPU
		{F3CFE98D-9B89-4F48-9BF9-80610BC66A0D}.Release|Any CPU.ActiveCfg = Release|Any CPU
		{F3CFE98D-9B89-4F48-9BF9-80610BC66A0D}.Release|Any CPU.Build.0 = Release|Any CPU
		{0A00B30D-775B-492D-B1B8-0F47B1115108}.Debug|Any CPU.ActiveCfg = Debug|Any CPU
		{0A00B30D-775B-492D-B1B8-0F47B1115108}.Debug|Any CPU.Build.0 = Debug|Any CPU
		{0A00B30D-775B-492D-B1B8-0F47B1115108}.Release|Any CPU.ActiveCfg = Release|Any CPU
		{0A00B30D-775B-492D-B1B8-0F47B1115108}.Release|Any CPU.Build.0 = Release|Any CPU
	EndGlobalSection
	GlobalSection(SolutionProperties) = preSolution
		HideSolutionNode = FALSE
	EndGlobalSection
	GlobalSection(ExtensibilityGlobals) = postSolution
		SolutionGuid = {27911B96-3DDB-4678-879A-49E1EC52405F}
	EndGlobalSection
EndGlobal
