
Microsoft Visual Studio Solution File, Format Version 12.00
# Visual Studio Version 17
VisualStudioVersion = 17.1.32319.34
MinimumVisualStudioVersion = 10.0.40219.1
Project("{FAE04EC0-301F-11D3-BF4B-00C04F79EFBC}") = "I01 El viajar es un placer", "I01 El viajar es un placer\I01 El viajar es un placer.csproj", "{7C91F4B5-F10D-4E92-B912-B58D9D04D0E3}"
EndProject
Project("{FAE04EC0-301F-11D3-BF4B-00C04F79EFBC}") = "Entidades", "Entidades\Entidades.csproj", "{EC70F46F-D597-41AA-800E-8B927129D3EB}"
EndProject
Global
	GlobalSection(SolutionConfigurationPlatforms) = preSolution
		Debug|Any CPU = Debug|Any CPU
		Release|Any CPU = Release|Any CPU
	EndGlobalSection
	GlobalSection(ProjectConfigurationPlatforms) = postSolution
		{7C91F4B5-F10D-4E92-B912-B58D9D04D0E3}.Debug|Any CPU.ActiveCfg = Debug|Any CPU
		{7C91F4B5-F10D-4E92-B912-B58D9D04D0E3}.Debug|Any CPU.Build.0 = Debug|Any CPU
		{7C91F4B5-F10D-4E92-B912-B58D9D04D0E3}.Release|Any CPU.ActiveCfg = Release|Any CPU
		{7C91F4B5-F10D-4E92-B912-B58D9D04D0E3}.Release|Any CPU.Build.0 = Release|Any CPU
		{EC70F46F-D597-41AA-800E-8B927129D3EB}.Debug|Any CPU.ActiveCfg = Debug|Any CPU
		{EC70F46F-D597-41AA-800E-8B927129D3EB}.Debug|Any CPU.Build.0 = Debug|Any CPU
		{EC70F46F-D597-41AA-800E-8B927129D3EB}.Release|Any CPU.ActiveCfg = Release|Any CPU
		{EC70F46F-D597-41AA-800E-8B927129D3EB}.Release|Any CPU.Build.0 = Release|Any CPU
	EndGlobalSection
	GlobalSection(SolutionProperties) = preSolution
		HideSolutionNode = FALSE
	EndGlobalSection
	GlobalSection(ExtensibilityGlobals) = postSolution
		SolutionGuid = {CC646341-6FE5-4E02-BA76-4475A29554F7}
	EndGlobalSection
EndGlobal
