
Microsoft Visual Studio Solution File, Format Version 12.00
# Visual Studio Version 17
VisualStudioVersion = 17.1.32319.34
MinimumVisualStudioVersion = 10.0.40219.1
Project("{FAE04EC0-301F-11D3-BF4B-00C04F79EFBC}") = "A01 Fahrenheit 451", "A01 Fahrenheit 451\A01 Fahrenheit 451.csproj", "{5D83AFDD-03DC-4C0E-BF0C-951E812609A7}"
EndProject
Project("{FAE04EC0-301F-11D3-BF4B-00C04F79EFBC}") = "Biblioteca", "Biblioteca\Biblioteca.csproj", "{869C2BB9-74EF-437E-9D2F-CE06EBFCC871}"
EndProject
Global
	GlobalSection(SolutionConfigurationPlatforms) = preSolution
		Debug|Any CPU = Debug|Any CPU
		Release|Any CPU = Release|Any CPU
	EndGlobalSection
	GlobalSection(ProjectConfigurationPlatforms) = postSolution
		{5D83AFDD-03DC-4C0E-BF0C-951E812609A7}.Debug|Any CPU.ActiveCfg = Debug|Any CPU
		{5D83AFDD-03DC-4C0E-BF0C-951E812609A7}.Debug|Any CPU.Build.0 = Debug|Any CPU
		{5D83AFDD-03DC-4C0E-BF0C-951E812609A7}.Release|Any CPU.ActiveCfg = Release|Any CPU
		{5D83AFDD-03DC-4C0E-BF0C-951E812609A7}.Release|Any CPU.Build.0 = Release|Any CPU
		{869C2BB9-74EF-437E-9D2F-CE06EBFCC871}.Debug|Any CPU.ActiveCfg = Debug|Any CPU
		{869C2BB9-74EF-437E-9D2F-CE06EBFCC871}.Debug|Any CPU.Build.0 = Debug|Any CPU
		{869C2BB9-74EF-437E-9D2F-CE06EBFCC871}.Release|Any CPU.ActiveCfg = Release|Any CPU
		{869C2BB9-74EF-437E-9D2F-CE06EBFCC871}.Release|Any CPU.Build.0 = Release|Any CPU
	EndGlobalSection
	GlobalSection(SolutionProperties) = preSolution
		HideSolutionNode = FALSE
	EndGlobalSection
	GlobalSection(ExtensibilityGlobals) = postSolution
		SolutionGuid = {857C4567-4558-43A1-A334-808826B242A9}
	EndGlobalSection
EndGlobal
