
Microsoft Visual Studio Solution File, Format Version 12.00
# Visual Studio Version 17
VisualStudioVersion = 17.1.32319.34
MinimumVisualStudioVersion = 10.0.40219.1
Project("{FAE04EC0-301F-11D3-BF4B-00C04F79EFBC}") = "C01 Conversor binario", "C01 Conversor binario\C01 Conversor binario.csproj", "{2FC7D8DC-F906-4DC1-AF8A-FC4F2F3ECE8D}"
EndProject
Project("{FAE04EC0-301F-11D3-BF4B-00C04F79EFBC}") = "Biblioteca", "Biblioteca\Biblioteca.csproj", "{F8808EED-B120-4BD7-A597-F23A40D5F1D0}"
EndProject
Global
	GlobalSection(SolutionConfigurationPlatforms) = preSolution
		Debug|Any CPU = Debug|Any CPU
		Release|Any CPU = Release|Any CPU
	EndGlobalSection
	GlobalSection(ProjectConfigurationPlatforms) = postSolution
		{2FC7D8DC-F906-4DC1-AF8A-FC4F2F3ECE8D}.Debug|Any CPU.ActiveCfg = Debug|Any CPU
		{2FC7D8DC-F906-4DC1-AF8A-FC4F2F3ECE8D}.Debug|Any CPU.Build.0 = Debug|Any CPU
		{2FC7D8DC-F906-4DC1-AF8A-FC4F2F3ECE8D}.Release|Any CPU.ActiveCfg = Release|Any CPU
		{2FC7D8DC-F906-4DC1-AF8A-FC4F2F3ECE8D}.Release|Any CPU.Build.0 = Release|Any CPU
		{F8808EED-B120-4BD7-A597-F23A40D5F1D0}.Debug|Any CPU.ActiveCfg = Debug|Any CPU
		{F8808EED-B120-4BD7-A597-F23A40D5F1D0}.Debug|Any CPU.Build.0 = Debug|Any CPU
		{F8808EED-B120-4BD7-A597-F23A40D5F1D0}.Release|Any CPU.ActiveCfg = Release|Any CPU
		{F8808EED-B120-4BD7-A597-F23A40D5F1D0}.Release|Any CPU.Build.0 = Release|Any CPU
	EndGlobalSection
	GlobalSection(SolutionProperties) = preSolution
		HideSolutionNode = FALSE
	EndGlobalSection
	GlobalSection(ExtensibilityGlobals) = postSolution
		SolutionGuid = {651EC063-A525-407A-B021-4575D9CA25AA}
	EndGlobalSection
EndGlobal
