
Microsoft Visual Studio Solution File, Format Version 12.00
# Visual Studio Version 17
VisualStudioVersion = 17.1.32319.34
MinimumVisualStudioVersion = 10.0.40219.1
Project("{FAE04EC0-301F-11D3-BF4B-00C04F79EFBC}") = "I02 Números locos II", "I02 Números locos II\I02 Números locos II.csproj", "{053B700C-0A04-4E3A-B843-59182541630D}"
EndProject
Global
	GlobalSection(SolutionConfigurationPlatforms) = preSolution
		Debug|Any CPU = Debug|Any CPU
		Release|Any CPU = Release|Any CPU
	EndGlobalSection
	GlobalSection(ProjectConfigurationPlatforms) = postSolution
		{053B700C-0A04-4E3A-B843-59182541630D}.Debug|Any CPU.ActiveCfg = Debug|Any CPU
		{053B700C-0A04-4E3A-B843-59182541630D}.Debug|Any CPU.Build.0 = Debug|Any CPU
		{053B700C-0A04-4E3A-B843-59182541630D}.Release|Any CPU.ActiveCfg = Release|Any CPU
		{053B700C-0A04-4E3A-B843-59182541630D}.Release|Any CPU.Build.0 = Release|Any CPU
	EndGlobalSection
	GlobalSection(SolutionProperties) = preSolution
		HideSolutionNode = FALSE
	EndGlobalSection
	GlobalSection(ExtensibilityGlobals) = postSolution
		SolutionGuid = {E8F31784-EDDF-4BF6-B16F-12F5AD14D0AF}
	EndGlobalSection
EndGlobal
