
Microsoft Visual Studio Solution File, Format Version 12.00
# Visual Studio Version 17
VisualStudioVersion = 17.1.32319.34
MinimumVisualStudioVersion = 10.0.40219.1
Project("{FAE04EC0-301F-11D3-BF4B-00C04F79EFBC}") = "I02 Cotizador", "I02 Cotizador\I02 Cotizador.csproj", "{0CB54980-C14B-47B4-A4F4-42F2DD3DAA1C}"
EndProject
Project("{FAE04EC0-301F-11D3-BF4B-00C04F79EFBC}") = "Biblioteca", "Biblioteca\Biblioteca.csproj", "{316CEFAA-36BC-4AC7-A1E6-1B7936738C02}"
EndProject
Global
	GlobalSection(SolutionConfigurationPlatforms) = preSolution
		Debug|Any CPU = Debug|Any CPU
		Release|Any CPU = Release|Any CPU
	EndGlobalSection
	GlobalSection(ProjectConfigurationPlatforms) = postSolution
		{0CB54980-C14B-47B4-A4F4-42F2DD3DAA1C}.Debug|Any CPU.ActiveCfg = Debug|Any CPU
		{0CB54980-C14B-47B4-A4F4-42F2DD3DAA1C}.Debug|Any CPU.Build.0 = Debug|Any CPU
		{0CB54980-C14B-47B4-A4F4-42F2DD3DAA1C}.Release|Any CPU.ActiveCfg = Release|Any CPU
		{0CB54980-C14B-47B4-A4F4-42F2DD3DAA1C}.Release|Any CPU.Build.0 = Release|Any CPU
		{316CEFAA-36BC-4AC7-A1E6-1B7936738C02}.Debug|Any CPU.ActiveCfg = Debug|Any CPU
		{316CEFAA-36BC-4AC7-A1E6-1B7936738C02}.Debug|Any CPU.Build.0 = Debug|Any CPU
		{316CEFAA-36BC-4AC7-A1E6-1B7936738C02}.Release|Any CPU.ActiveCfg = Release|Any CPU
		{316CEFAA-36BC-4AC7-A1E6-1B7936738C02}.Release|Any CPU.Build.0 = Release|Any CPU
	EndGlobalSection
	GlobalSection(SolutionProperties) = preSolution
		HideSolutionNode = FALSE
	EndGlobalSection
	GlobalSection(ExtensibilityGlobals) = postSolution
		SolutionGuid = {851659D5-8FCA-4570-85B2-4A1C73A763A7}
	EndGlobalSection
EndGlobal
