
Microsoft Visual Studio Solution File, Format Version 12.00
# Visual Studio Version 17
VisualStudioVersion = 17.1.32319.34
MinimumVisualStudioVersion = 10.0.40219.1
Project("{FAE04EC0-301F-11D3-BF4B-00C04F79EFBC}") = "C02 Enciendan sus motores", "C02 Enciendan sus motores\C02 Enciendan sus motores.csproj", "{803814DF-3F53-49D8-A503-8A7D4A652828}"
EndProject
Project("{FAE04EC0-301F-11D3-BF4B-00C04F79EFBC}") = "Entidades", "Entidades\Entidades.csproj", "{219232BC-9045-4AAF-B1E7-11663CD0B4B7}"
EndProject
Global
	GlobalSection(SolutionConfigurationPlatforms) = preSolution
		Debug|Any CPU = Debug|Any CPU
		Release|Any CPU = Release|Any CPU
	EndGlobalSection
	GlobalSection(ProjectConfigurationPlatforms) = postSolution
		{803814DF-3F53-49D8-A503-8A7D4A652828}.Debug|Any CPU.ActiveCfg = Debug|Any CPU
		{803814DF-3F53-49D8-A503-8A7D4A652828}.Debug|Any CPU.Build.0 = Debug|Any CPU
		{803814DF-3F53-49D8-A503-8A7D4A652828}.Release|Any CPU.ActiveCfg = Release|Any CPU
		{803814DF-3F53-49D8-A503-8A7D4A652828}.Release|Any CPU.Build.0 = Release|Any CPU
		{219232BC-9045-4AAF-B1E7-11663CD0B4B7}.Debug|Any CPU.ActiveCfg = Debug|Any CPU
		{219232BC-9045-4AAF-B1E7-11663CD0B4B7}.Debug|Any CPU.Build.0 = Debug|Any CPU
		{219232BC-9045-4AAF-B1E7-11663CD0B4B7}.Release|Any CPU.ActiveCfg = Release|Any CPU
		{219232BC-9045-4AAF-B1E7-11663CD0B4B7}.Release|Any CPU.Build.0 = Release|Any CPU
	EndGlobalSection
	GlobalSection(SolutionProperties) = preSolution
		HideSolutionNode = FALSE
	EndGlobalSection
	GlobalSection(ExtensibilityGlobals) = postSolution
		SolutionGuid = {2E4E99BB-9887-48EE-BA1F-A0E1524EC54C}
	EndGlobalSection
EndGlobal
