
Microsoft Visual Studio Solution File, Format Version 12.00
# Visual Studio Version 17
VisualStudioVersion = 17.1.32319.34
MinimumVisualStudioVersion = 10.0.40219.1
Project("{FAE04EC0-301F-11D3-BF4B-00C04F79EFBC}") = "I07 Pitágoras", "I07 Pitágoras\I07 Pitágoras.csproj", "{2229BCD8-729C-4C68-8505-C65D99B9445A}"
EndProject
Project("{FAE04EC0-301F-11D3-BF4B-00C04F79EFBC}") = "Biblioteca", "Biblioteca\Biblioteca.csproj", "{C9326CA2-6149-49EA-B2AD-B4A9E2604AE6}"
EndProject
Global
	GlobalSection(SolutionConfigurationPlatforms) = preSolution
		Debug|Any CPU = Debug|Any CPU
		Release|Any CPU = Release|Any CPU
	EndGlobalSection
	GlobalSection(ProjectConfigurationPlatforms) = postSolution
		{2229BCD8-729C-4C68-8505-C65D99B9445A}.Debug|Any CPU.ActiveCfg = Debug|Any CPU
		{2229BCD8-729C-4C68-8505-C65D99B9445A}.Debug|Any CPU.Build.0 = Debug|Any CPU
		{2229BCD8-729C-4C68-8505-C65D99B9445A}.Release|Any CPU.ActiveCfg = Release|Any CPU
		{2229BCD8-729C-4C68-8505-C65D99B9445A}.Release|Any CPU.Build.0 = Release|Any CPU
		{C9326CA2-6149-49EA-B2AD-B4A9E2604AE6}.Debug|Any CPU.ActiveCfg = Debug|Any CPU
		{C9326CA2-6149-49EA-B2AD-B4A9E2604AE6}.Debug|Any CPU.Build.0 = Debug|Any CPU
		{C9326CA2-6149-49EA-B2AD-B4A9E2604AE6}.Release|Any CPU.ActiveCfg = Release|Any CPU
		{C9326CA2-6149-49EA-B2AD-B4A9E2604AE6}.Release|Any CPU.Build.0 = Release|Any CPU
	EndGlobalSection
	GlobalSection(SolutionProperties) = preSolution
		HideSolutionNode = FALSE
	EndGlobalSection
	GlobalSection(ExtensibilityGlobals) = postSolution
		SolutionGuid = {0F603527-C022-4458-B92C-9AF14479F4CE}
	EndGlobalSection
EndGlobal
