
Microsoft Visual Studio Solution File, Format Version 12.00
# Visual Studio Version 17
VisualStudioVersion = 17.1.32319.34
MinimumVisualStudioVersion = 10.0.40219.1
Project("{FAE04EC0-301F-11D3-BF4B-00C04F79EFBC}") = "I03 Conversor binario", "I03 Conversor binario\I03 Conversor binario.csproj", "{CFEA25CB-F630-47A9-9622-1E379B95FF79}"
EndProject
Project("{FAE04EC0-301F-11D3-BF4B-00C04F79EFBC}") = "Biblioteca", "Biblioteca\Biblioteca.csproj", "{0801897F-7FFE-4AAD-8E5D-56F70F9D3B6C}"
EndProject
Global
	GlobalSection(SolutionConfigurationPlatforms) = preSolution
		Debug|Any CPU = Debug|Any CPU
		Release|Any CPU = Release|Any CPU
	EndGlobalSection
	GlobalSection(ProjectConfigurationPlatforms) = postSolution
		{CFEA25CB-F630-47A9-9622-1E379B95FF79}.Debug|Any CPU.ActiveCfg = Debug|Any CPU
		{CFEA25CB-F630-47A9-9622-1E379B95FF79}.Debug|Any CPU.Build.0 = Debug|Any CPU
		{CFEA25CB-F630-47A9-9622-1E379B95FF79}.Release|Any CPU.ActiveCfg = Release|Any CPU
		{CFEA25CB-F630-47A9-9622-1E379B95FF79}.Release|Any CPU.Build.0 = Release|Any CPU
		{0801897F-7FFE-4AAD-8E5D-56F70F9D3B6C}.Debug|Any CPU.ActiveCfg = Debug|Any CPU
		{0801897F-7FFE-4AAD-8E5D-56F70F9D3B6C}.Debug|Any CPU.Build.0 = Debug|Any CPU
		{0801897F-7FFE-4AAD-8E5D-56F70F9D3B6C}.Release|Any CPU.ActiveCfg = Release|Any CPU
		{0801897F-7FFE-4AAD-8E5D-56F70F9D3B6C}.Release|Any CPU.Build.0 = Release|Any CPU
	EndGlobalSection
	GlobalSection(SolutionProperties) = preSolution
		HideSolutionNode = FALSE
	EndGlobalSection
	GlobalSection(ExtensibilityGlobals) = postSolution
		SolutionGuid = {22EC1894-873E-4599-B340-70BD848E44F9}
	EndGlobalSection
EndGlobal
