
Microsoft Visual Studio Solution File, Format Version 12.00
# Visual Studio Version 17
VisualStudioVersion = 17.1.32319.34
MinimumVisualStudioVersion = 10.0.40219.1
Project("{FAE04EC0-301F-11D3-BF4B-00C04F79EFBC}") = "I01 Sumador", "I01 Sumador\I01 Sumador.csproj", "{B0712740-49C9-461D-8904-658969DE75E9}"
EndProject
Project("{FAE04EC0-301F-11D3-BF4B-00C04F79EFBC}") = "Biblioteca", "Biblioteca\Biblioteca.csproj", "{95A6467B-EBD7-404D-9A05-03CF5E46BF2A}"
EndProject
Global
	GlobalSection(SolutionConfigurationPlatforms) = preSolution
		Debug|Any CPU = Debug|Any CPU
		Release|Any CPU = Release|Any CPU
	EndGlobalSection
	GlobalSection(ProjectConfigurationPlatforms) = postSolution
		{B0712740-49C9-461D-8904-658969DE75E9}.Debug|Any CPU.ActiveCfg = Debug|Any CPU
		{B0712740-49C9-461D-8904-658969DE75E9}.Debug|Any CPU.Build.0 = Debug|Any CPU
		{B0712740-49C9-461D-8904-658969DE75E9}.Release|Any CPU.ActiveCfg = Release|Any CPU
		{B0712740-49C9-461D-8904-658969DE75E9}.Release|Any CPU.Build.0 = Release|Any CPU
		{95A6467B-EBD7-404D-9A05-03CF5E46BF2A}.Debug|Any CPU.ActiveCfg = Debug|Any CPU
		{95A6467B-EBD7-404D-9A05-03CF5E46BF2A}.Debug|Any CPU.Build.0 = Debug|Any CPU
		{95A6467B-EBD7-404D-9A05-03CF5E46BF2A}.Release|Any CPU.ActiveCfg = Release|Any CPU
		{95A6467B-EBD7-404D-9A05-03CF5E46BF2A}.Release|Any CPU.Build.0 = Release|Any CPU
	EndGlobalSection
	GlobalSection(SolutionProperties) = preSolution
		HideSolutionNode = FALSE
	EndGlobalSection
	GlobalSection(ExtensibilityGlobals) = postSolution
		SolutionGuid = {3EB6A0CB-CF1F-47DA-88CE-BE84F2E7DCFA}
	EndGlobalSection
EndGlobal
